
Microsoft Visual Studio Solution File, Format Version 12.00
# Visual Studio 15
VisualStudioVersion = 15.0.27428.2043
MinimumVisualStudioVersion = 10.0.40219.1
Project("{FAE04EC0-301F-11D3-BF4B-00C04F79EFBC}") = "Matrix_shortest", "Matrix_shortest\Matrix_shortest.csproj", "{274AD0FA-1483-42AA-B29C-C62A68408AEC}"
EndProject
Global
	GlobalSection(SolutionConfigurationPlatforms) = preSolution
		Debug|Any CPU = Debug|Any CPU
		Release|Any CPU = Release|Any CPU
	EndGlobalSection
	GlobalSection(ProjectConfigurationPlatforms) = postSolution
		{274AD0FA-1483-42AA-B29C-C62A68408AEC}.Debug|Any CPU.ActiveCfg = Debug|Any CPU
		{274AD0FA-1483-42AA-B29C-C62A68408AEC}.Debug|Any CPU.Build.0 = Debug|Any CPU
		{274AD0FA-1483-42AA-B29C-C62A68408AEC}.Release|Any CPU.ActiveCfg = Release|Any CPU
		{274AD0FA-1483-42AA-B29C-C62A68408AEC}.Release|Any CPU.Build.0 = Release|Any CPU
	EndGlobalSection
	GlobalSection(SolutionProperties) = preSolution
		HideSolutionNode = FALSE
	EndGlobalSection
	GlobalSection(ExtensibilityGlobals) = postSolution
		SolutionGuid = {8D87A61F-6F93-4AAB-9D03-9C6B8F161309}
	EndGlobalSection
EndGlobal
